
Microsoft Visual Studio Solution File, Format Version 12.00
# Visual Studio Version 16
VisualStudioVersion = 16.0.30611.23
MinimumVisualStudioVersion = 10.0.40219.1
Project("{FAE04EC0-301F-11D3-BF4B-00C04F79EFBC}") = "Twotter.Android", "Twotter.Android\Twotter.Android.csproj", "{11A5C135-E7C5-4763-A68A-5A8FDA3816D0}"
EndProject
Project("{FAE04EC0-301F-11D3-BF4B-00C04F79EFBC}") = "Twotter.iOS", "Twotter.iOS\Twotter.iOS.csproj", "{5FFF0D9D-64C4-40C9-A7A0-CEFCEAC9F262}"
EndProject
Project("{FAE04EC0-301F-11D3-BF4B-00C04F79EFBC}") = "Twotter", "Twotter\Twotter.csproj", "{2F7099A4-42D0-490B-BE96-CF5599082F2F}"
EndProject
Global
	GlobalSection(SolutionConfigurationPlatforms) = preSolution
		Debug|Any CPU = Debug|Any CPU
		Debug|iPhone = Debug|iPhone
		Debug|iPhoneSimulator = Debug|iPhoneSimulator
		Release|Any CPU = Release|Any CPU
		Release|iPhone = Release|iPhone
		Release|iPhoneSimulator = Release|iPhoneSimulator
	EndGlobalSection
	GlobalSection(ProjectConfigurationPlatforms) = postSolution
		{11A5C135-E7C5-4763-A68A-5A8FDA3816D0}.Debug|Any CPU.ActiveCfg = Debug|Any CPU
		{11A5C135-E7C5-4763-A68A-5A8FDA3816D0}.Debug|Any CPU.Build.0 = Debug|Any CPU
		{11A5C135-E7C5-4763-A68A-5A8FDA3816D0}.Debug|Any CPU.Deploy.0 = Debug|Any CPU
		{11A5C135-E7C5-4763-A68A-5A8FDA3816D0}.Debug|iPhone.ActiveCfg = Debug|Any CPU
		{11A5C135-E7C5-4763-A68A-5A8FDA3816D0}.Debug|iPhone.Build.0 = Debug|Any CPU
		{11A5C135-E7C5-4763-A68A-5A8FDA3816D0}.Debug|iPhone.Deploy.0 = Debug|Any CPU
		{11A5C135-E7C5-4763-A68A-5A8FDA3816D0}.Debug|iPhoneSimulator.ActiveCfg = Debug|Any CPU
		{11A5C135-E7C5-4763-A68A-5A8FDA3816D0}.Debug|iPhoneSimulator.Build.0 = Debug|Any CPU
		{11A5C135-E7C5-4763-A68A-5A8FDA3816D0}.Debug|iPhoneSimulator.Deploy.0 = Debug|Any CPU
		{11A5C135-E7C5-4763-A68A-5A8FDA3816D0}.Release|Any CPU.ActiveCfg = Release|Any CPU
		{11A5C135-E7C5-4763-A68A-5A8FDA3816D0}.Release|Any CPU.Build.0 = Release|Any CPU
		{11A5C135-E7C5-4763-A68A-5A8FDA3816D0}.Release|Any CPU.Deploy.0 = Release|Any CPU
		{11A5C135-E7C5-4763-A68A-5A8FDA3816D0}.Release|iPhone.ActiveCfg = Release|Any CPU
		{11A5C135-E7C5-4763-A68A-5A8FDA3816D0}.Release|iPhone.Build.0 = Release|Any CPU
		{11A5C135-E7C5-4763-A68A-5A8FDA3816D0}.Release|iPhone.Deploy.0 = Release|Any CPU
		{11A5C135-E7C5-4763-A68A-5A8FDA3816D0}.Release|iPhoneSimulator.ActiveCfg = Release|Any CPU
		{11A5C135-E7C5-4763-A68A-5A8FDA3816D0}.Release|iPhoneSimulator.Build.0 = Release|Any CPU
		{11A5C135-E7C5-4763-A68A-5A8FDA3816D0}.Release|iPhoneSimulator.Deploy.0 = Release|Any CPU
		{5FFF0D9D-64C4-40C9-A7A0-CEFCEAC9F262}.Debug|Any CPU.ActiveCfg = Debug|iPhone
		{5FFF0D9D-64C4-40C9-A7A0-CEFCEAC9F262}.Debug|Any CPU.Build.0 = Debug|iPhone
		{5FFF0D9D-64C4-40C9-A7A0-CEFCEAC9F262}.Debug|Any CPU.Deploy.0 = Debug|iPhone
		{5FFF0D9D-64C4-40C9-A7A0-CEFCEAC9F262}.Debug|iPhone.ActiveCfg = Debug|iPhone
		{5FFF0D9D-64C4-40C9-A7A0-CEFCEAC9F262}.Debug|iPhone.Build.0 = Debug|iPhone
		{5FFF0D9D-64C4-40C9-A7A0-CEFCEAC9F262}.Debug|iPhone.Deploy.0 = Debug|iPhone
		{5FFF0D9D-64C4-40C9-A7A0-CEFCEAC9F262}.Debug|iPhoneSimulator.ActiveCfg = Debug|iPhoneSimulator
		{5FFF0D9D-64C4-40C9-A7A0-CEFCEAC9F262}.Debug|iPhoneSimulator.Build.0 = Debug|iPhoneSimulator
		{5FFF0D9D-64C4-40C9-A7A0-CEFCEAC9F262}.Debug|iPhoneSimulator.Deploy.0 = Debug|iPhoneSimulator
		{5FFF0D9D-64C4-40C9-A7A0-CEFCEAC9F262}.Release|Any CPU.ActiveCfg = Release|iPhoneSimulator
		{5FFF0D9D-64C4-40C9-A7A0-CEFCEAC9F262}.Release|Any CPU.Build.0 = Release|iPhoneSimulator
		{5FFF0D9D-64C4-40C9-A7A0-CEFCEAC9F262}.Release|Any CPU.Deploy.0 = Release|iPhoneSimulator
		{5FFF0D9D-64C4-40C9-A7A0-CEFCEAC9F262}.Release|iPhone.ActiveCfg = Release|iPhone
		{5FFF0D9D-64C4-40C9-A7A0-CEFCEAC9F262}.Release|iPhone.Build.0 = Release|iPhone
		{5FFF0D9D-64C4-40C9-A7A0-CEFCEAC9F262}.Release|iPhone.Deploy.0 = Release|iPhone
		{5FFF0D9D-64C4-40C9-A7A0-CEFCEAC9F262}.Release|iPhoneSimulator.ActiveCfg = Release|iPhoneSimulator
		{5FFF0D9D-64C4-40C9-A7A0-CEFCEAC9F262}.Release|iPhoneSimulator.Build.0 = Release|iPhoneSimulator
		{5FFF0D9D-64C4-40C9-A7A0-CEFCEAC9F262}.Release|iPhoneSimulator.Deploy.0 = Release|iPhoneSimulator
		{2F7099A4-42D0-490B-BE96-CF5599082F2F}.Debug|Any CPU.ActiveCfg = Debug|Any CPU
		{2F7099A4-42D0-490B-BE96-CF5599082F2F}.Debug|Any CPU.Build.0 = Debug|Any CPU
		{2F7099A4-42D0-490B-BE96-CF5599082F2F}.Debug|Any CPU.Deploy.0 = Debug|Any CPU
		{2F7099A4-42D0-490B-BE96-CF5599082F2F}.Debug|iPhone.ActiveCfg = Debug|Any CPU
		{2F7099A4-42D0-490B-BE96-CF5599082F2F}.Debug|iPhone.Build.0 = Debug|Any CPU
		{2F7099A4-42D0-490B-BE96-CF5599082F2F}.Debug|iPhone.Deploy.0 = Debug|Any CPU
		{2F7099A4-42D0-490B-BE96-CF5599082F2F}.Debug|iPhoneSimulator.ActiveCfg = Debug|Any CPU
		{2F7099A4-42D0-490B-BE96-CF5599082F2F}.Debug|iPhoneSimulator.Build.0 = Debug|Any CPU
		{2F7099A4-42D0-490B-BE96-CF5599082F2F}.Debug|iPhoneSimulator.Deploy.0 = Debug|Any CPU
		{2F7099A4-42D0-490B-BE96-CF5599082F2F}.Release|Any CPU.ActiveCfg = Release|Any CPU
		{2F7099A4-42D0-490B-BE96-CF5599082F2F}.Release|Any CPU.Build.0 = Release|Any CPU
		{2F7099A4-42D0-490B-BE96-CF5599082F2F}.Release|Any CPU.Deploy.0 = Release|Any CPU
		{2F7099A4-42D0-490B-BE96-CF5599082F2F}.Release|iPhone.ActiveCfg = Release|Any CPU
		{2F7099A4-42D0-490B-BE96-CF5599082F2F}.Release|iPhone.Build.0 = Release|Any CPU
		{2F7099A4-42D0-490B-BE96-CF5599082F2F}.Release|iPhone.Deploy.0 = Release|Any CPU
		{2F7099A4-42D0-490B-BE96-CF5599082F2F}.Release|iPhoneSimulator.ActiveCfg = Release|Any CPU
		{2F7099A4-42D0-490B-BE96-CF5599082F2F}.Release|iPhoneSimulator.Build.0 = Release|Any CPU
		{2F7099A4-42D0-490B-BE96-CF5599082F2F}.Release|iPhoneSimulator.Deploy.0 = Release|Any CPU
	EndGlobalSection
	GlobalSection(SolutionProperties) = preSolution
		HideSolutionNode = FALSE
	EndGlobalSection
	GlobalSection(ExtensibilityGlobals) = postSolution
		SolutionGuid = {07C65346-2D6A-4330-AAF7-FE75A0F2FEA2}
	EndGlobalSection
EndGlobal
